// !$*UTF8*$!
{
	archiveVersion = 1;
	classes = {
	};
	objectVersion = 56;
	objects = {

/* Begin PBXBuildFile section */
		84AC71D02C07DB1400007B73 /* pruebaunoApp.swift in Sources */ = {isa = PBXBuildFile; fileRef = 84AC71CF2C07DB1400007B73 /* pruebaunoApp.swift */; };
		84AC71D22C07DB1400007B73 /* ContentView.swift in Sources */ = {isa = PBXBuildFile; fileRef = 84AC71D12C07DB1400007B73 /* ContentView.swift */; };
		84AC71D42C07DB1800007B73 /* Assets.xcassets in Resources */ = {isa = PBXBuildFile; fileRef = 84AC71D32C07DB1800007B73 /* Assets.xcassets */; };
		84AC71D72C07DB1800007B73 /* Preview Assets.xcassets in Resources */ = {isa = PBXBuildFile; fileRef = 84AC71D62C07DB1800007B73 /* Preview Assets.xcassets */; };
		84AC71E12C07DB1800007B73 /* pruebaunoTests.swift in Sources */ = {isa = PBXBuildFile; fileRef = 84AC71E02C07DB1800007B73 /* pruebaunoTests.swift */; };
		84AC71EB2C07DB1800007B73 /* pruebaunoUITests.swift in Sources */ = {isa = PBXBuildFile; fileRef = 84AC71EA2C07DB1800007B73 /* pruebaunoUITests.swift */; };
		84AC71ED2C07DB1800007B73 /* pruebaunoUITestsLaunchTests.swift in Sources */ = {isa = PBXBuildFile; fileRef = 84AC71EC2C07DB1800007B73 /* pruebaunoUITestsLaunchTests.swift */; };
/* End PBXBuildFile section */

/* Begin PBXContainerItemProxy section */
		84AC71DD2C07DB1800007B73 /* PBXContainerItemProxy */ = {
			isa = PBXContainerItemProxy;
			containerPortal = 84AC71C42C07DB1400007B73 /* Project object */;
			proxyType = 1;
			remoteGlobalIDString = 84AC71CB2C07DB1400007B73;
			remoteInfo = pruebauno;
		};
		84AC71E72C07DB1800007B73 /* PBXContainerItemProxy */ = {
			isa = PBXContainerItemProxy;
			containerPortal = 84AC71C42C07DB1400007B73 /* Project object */;
			proxyType = 1;
			remoteGlobalIDString = 84AC71CB2C07DB1400007B73;
			remoteInfo = pruebauno;
		};
/* End PBXContainerItemProxy section */

/* Begin PBXFileReference section */
		84AC71CC2C07DB1400007B73 /* pruebauno.app */ = {isa = PBXFileReference; explicitFileType = wrapper.application; includeInIndex = 0; path = pruebauno.app; sourceTree = BUILT_PRODUCTS_DIR; };
		84AC71CF2C07DB1400007B73 /* pruebaunoApp.swift */ = {isa = PBXFileReference; lastKnownFileType = sourcecode.swift; path = pruebaunoApp.swift; sourceTree = "<group>"; };
		84AC71D12C07DB1400007B73 /* ContentView.swift */ = {isa = PBXFileReference; lastKnownFileType = sourcecode.swift; path = ContentView.swift; sourceTree = "<group>"; };
		84AC71D32C07DB1800007B73 /* Assets.xcassets */ = {isa = PBXFileReference; lastKnownFileType = folder.assetcatalog; path = Assets.xcassets; sourceTree = "<group>"; };
		84AC71D62C07DB1800007B73 /* Preview Assets.xcassets */ = {isa = PBXFileReference; lastKnownFileType = folder.assetcatalog; path = "Preview Assets.xcassets"; sourceTree = "<group>"; };
		84AC71DC2C07DB1800007B73 /* pruebaunoTests.xctest */ = {isa = PBXFileReference; explicitFileType = wrapper.cfbundle; includeInIndex = 0; path = pruebaunoTests.xctest; sourceTree = BUILT_PRODUCTS_DIR; };
		84AC71E02C07DB1800007B73 /* pruebaunoTests.swift */ = {isa = PBXFileReference; lastKnownFileType = sourcecode.swift; path = pruebaunoTests.swift; sourceTree = "<group>"; };
		84AC71E62C07DB1800007B73 /* pruebaunoUITests.xctest */ = {isa = PBXFileReference; explicitFileType = wrapper.cfbundle; includeInIndex = 0; path = pruebaunoUITests.xctest; sourceTree = BUILT_PRODUCTS_DIR; };
		84AC71EA2C07DB1800007B73 /* pruebaunoUITests.swift */ = {isa = PBXFileReference; lastKnownFileType = sourcecode.swift; path = pruebaunoUITests.swift; sourceTree = "<group>"; };
		84AC71EC2C07DB1800007B73 /* pruebaunoUITestsLaunchTests.swift */ = {isa = PBXFileReference; lastKnownFileType = sourcecode.swift; path = pruebaunoUITestsLaunchTests.swift; sourceTree = "<group>"; };
/* End PBXFileReference section */

/* Begin PBXFrameworksBuildPhase section */
		84AC71C92C07DB1400007B73 /* Frameworks */ = {
			isa = PBXFrameworksBuildPhase;
			buildActionMask = 2147483647;
			files = (
			);
			runOnlyForDeploymentPostprocessing = 0;
		};
		84AC71D92C07DB1800007B73 /* Frameworks */ = {
			isa = PBXFrameworksBuildPhase;
			buildActionMask = 2147483647;
			files = (
			);
			runOnlyForDeploymentPostprocessing = 0;
		};
		84AC71E32C07DB1800007B73 /* Frameworks */ = {
			isa = PBXFrameworksBuildPhase;
			buildActionMask = 2147483647;
			files = (
			);
			runOnlyForDeploymentPostprocessing = 0;
		};
/* End PBXFrameworksBuildPhase section */

/* Begin PBXGroup section */
		84AC71C32C07DB1400007B73 = {
			isa = PBXGroup;
			children = (
				84AC71CE2C07DB1400007B73 /* pruebauno */,
				84AC71DF2C07DB1800007B73 /* pruebaunoTests */,
				84AC71E92C07DB1800007B73 /* pruebaunoUITests */,
				84AC71CD2C07DB1400007B73 /* Products */,
			);
			sourceTree = "<group>";
		};
		84AC71CD2C07DB1400007B73 /* Products */ = {
			isa = PBXGroup;
			children = (
				84AC71CC2C07DB1400007B73 /* pruebauno.app */,
				84AC71DC2C07DB1800007B73 /* pruebaunoTests.xctest */,
				84AC71E62C07DB1800007B73 /* pruebaunoUITests.xctest */,
			);
			name = Products;
			sourceTree = "<group>";
		};
		84AC71CE2C07DB1400007B73 /* pruebauno */ = {
			isa = PBXGroup;
			children = (
				84AC71CF2C07DB1400007B73 /* pruebaunoApp.swift */,
				84AC71D12C07DB1400007B73 /* ContentView.swift */,
				84AC71D32C07DB1800007B73 /* Assets.xcassets */,
				84AC71D52C07DB1800007B73 /* Preview Content */,
			);
			path = pruebauno;
			sourceTree = "<group>";
		};
		84AC71D52C07DB1800007B73 /* Preview Content */ = {
			isa = PBXGroup;
			children = (
				84AC71D62C07DB1800007B73 /* Preview Assets.xcassets */,
			);
			path = "Preview Content";
			sourceTree = "<group>";
		};
		84AC71DF2C07DB1800007B73 /* pruebaunoTests */ = {
			isa = PBXGroup;
			children = (
				84AC71E02C07DB1800007B73 /* pruebaunoTests.swift */,
			);
			path = pruebaunoTests;
			sourceTree = "<group>";
		};
		84AC71E92C07DB1800007B73 /* pruebaunoUITests */ = {
			isa = PBXGroup;
			children = (
				84AC71EA2C07DB1800007B73 /* pruebaunoUITests.swift */,
				84AC71EC2C07DB1800007B73 /* pruebaunoUITestsLaunchTests.swift */,
			);
			path = pruebaunoUITests;
			sourceTree = "<group>";
		};
/* End PBXGroup section */

/* Begin PBXNativeTarget section */
		84AC71CB2C07DB1400007B73 /* pruebauno */ = {
			isa = PBXNativeTarget;
			buildConfigurationList = 84AC71F02C07DB1800007B73 /* Build configuration list for PBXNativeTarget "pruebauno" */;
			buildPhases = (
				84AC71C82C07DB1400007B73 /* Sources */,
				84AC71C92C07DB1400007B73 /* Frameworks */,
				84AC71CA2C07DB1400007B73 /* Resources */,
			);
			buildRules = (
			);
			dependencies = (
			);
			name = pruebauno;
			productName = pruebauno;
			productReference = 84AC71CC2C07DB1400007B73 /* pruebauno.app */;
			productType = "com.apple.product-type.application";
		};
		84AC71DB2C07DB1800007B73 /* pruebaunoTests */ = {
			isa = PBXNativeTarget;
			buildConfigurationList = 84AC71F32C07DB1800007B73 /* Build configuration list for PBXNativeTarget "pruebaunoTests" */;
			buildPhases = (
				84AC71D82C07DB1800007B73 /* Sources */,
				84AC71D92C07DB1800007B73 /* Frameworks */,
				84AC71DA2C07DB1800007B73 /* Resources */,
			);
			buildRules = (
			);
			dependencies = (
				84AC71DE2C07DB1800007B73 /* PBXTargetDependency */,
			);
			name = pruebaunoTests;
			productName = pruebaunoTests;
			productReference = 84AC71DC2C07DB1800007B73 /* pruebaunoTests.xctest */;
			productType = "com.apple.product-type.bundle.unit-test";
		};
		84AC71E52C07DB1800007B73 /* pruebaunoUITests */ = {
			isa = PBXNativeTarget;
			buildConfigurationList = 84AC71F62C07DB1800007B73 /* Build configuration list for PBXNativeTarget "pruebaunoUITests" */;
			buildPhases = (
				84AC71E22C07DB1800007B73 /* Sources */,
				84AC71E32C07DB1800007B73 /* Frameworks */,
				84AC71E42C07DB1800007B73 /* Resources */,
			);
			buildRules = (
			);
			dependencies = (
				84AC71E82C07DB1800007B73 /* PBXTargetDependency */,
			);
			name = pruebaunoUITests;
			productName = pruebaunoUITests;
			productReference = 84AC71E62C07DB1800007B73 /* pruebaunoUITests.xctest */;
			productType = "com.apple.product-type.bundle.ui-testing";
		};
/* End PBXNativeTarget section */

/* Begin PBXProject section */
		84AC71C42C07DB1400007B73 /* Project object */ = {
			isa = PBXProject;
			attributes = {
				BuildIndependentTargetsInParallel = 1;
				LastSwiftUpdateCheck = 1530;
				LastUpgradeCheck = 1530;
				TargetAttributes = {
					84AC71CB2C07DB1400007B73 = {
						CreatedOnToolsVersion = 15.3;
					};
					84AC71DB2C07DB1800007B73 = {
						CreatedOnToolsVersion = 15.3;
						TestTargetID = 84AC71CB2C07DB1400007B73;
					};
					84AC71E52C07DB1800007B73 = {
						CreatedOnToolsVersion = 15.3;
						TestTargetID = 84AC71CB2C07DB1400007B73;
					};
				};
			};
			buildConfigurationList = 84AC71C72C07DB1400007B73 /* Build configuration list for PBXProject "pruebauno" */;
			compatibilityVersion = "Xcode 14.0";
			developmentRegion = en;
			hasScannedForEncodings = 0;
			knownRegions = (
				en,
				Base,
			);
			mainGroup = 84AC71C32C07DB1400007B73;
			productRefGroup = 84AC71CD2C07DB1400007B73 /* Products */;
			projectDirPath = "";
			projectRoot = "";
			targets = (
				84AC71CB2C07DB1400007B73 /* pruebauno */,
				84AC71DB2C07DB1800007B73 /* pruebaunoTests */,
				84AC71E52C07DB1800007B73 /* pruebaunoUITests */,
			);
		};
/* End PBXProject section */

/* Begin PBXResourcesBuildPhase section */
		84AC71CA2C07DB1400007B73 /* Resources */ = {
			isa = PBXResourcesBuildPhase;
			buildActionMask = 2147483647;
			files = (
				84AC71D72C07DB1800007B73 /* Preview Assets.xcassets in Resources */,
				84AC71D42C07DB1800007B73 /* Assets.xcassets in Resources */,
			);
			runOnlyForDeploymentPostprocessing = 0;
		};
		84AC71DA2C07DB1800007B73 /* Resources */ = {
			isa = PBXResourcesBuildPhase;
			buildActionMask = 2147483647;
			files = (
			);
			runOnlyForDeploymentPostprocessing = 0;
		};
		84AC71E42C07DB1800007B73 /* Resources */ = {
			isa = PBXResourcesBuildPhase;
			buildActionMask = 2147483647;
			files = (
			);
			runOnlyForDeploymentPostprocessing = 0;
		};
/* End PBXResourcesBuildPhase section */

/* Begin PBXSourcesBuildPhase section */
		84AC71C82C07DB1400007B73 /* Sources */ = {
			isa = PBXSourcesBuildPhase;
			buildActionMask = 2147483647;
			files = (
				84AC71D22C07DB1400007B73 /* ContentView.swift in Sources */,
				84AC71D02C07DB1400007B73 /* pruebaunoApp.swift in Sources */,
			);
			runOnlyForDeploymentPostprocessing = 0;
		};
		84AC71D82C07DB1800007B73 /* Sources */ = {
			isa = PBXSourcesBuildPhase;
			buildActionMask = 2147483647;
			files = (
				84AC71E12C07DB1800007B73 /* pruebaunoTests.swift in Sources */,
			);
			runOnlyForDeploymentPostprocessing = 0;
		};
		84AC71E22C07DB1800007B73 /* Sources */ = {
			isa = PBXSourcesBuildPhase;
			buildActionMask = 2147483647;
			files = (
				84AC71ED2C07DB1800007B73 /* pruebaunoUITestsLaunchTests.swift in Sources */,
				84AC71EB2C07DB1800007B73 /* pruebaunoUITests.swift in Sources */,
			);
			runOnlyForDeploymentPostprocessing = 0;
		};
/* End PBXSourcesBuildPhase section */

/* Begin PBXTargetDependency section */
		84AC71DE2C07DB1800007B73 /* PBXTargetDependency */ = {
			isa = PBXTargetDependency;
			target = 84AC71CB2C07DB1400007B73 /* pruebauno */;
			targetProxy = 84AC71DD2C07DB1800007B73 /* PBXContainerItemProxy */;
		};
		84AC71E82C07DB1800007B73 /* PBXTargetDependency */ = {
			isa = PBXTargetDependency;
			target = 84AC71CB2C07DB1400007B73 /* pruebauno */;
			targetProxy = 84AC71E72C07DB1800007B73 /* PBXContainerItemProxy */;
		};
/* End PBXTargetDependency section */

/* Begin XCBuildConfiguration section */
		84AC71EE2C07DB1800007B73 /* Debug */ = {
			isa = XCBuildConfiguration;
			buildSettings = {
				ALWAYS_SEARCH_USER_PATHS = NO;
				ASSETCATALOG_COMPILER_GENERATE_SWIFT_ASSET_SYMBOL_EXTENSIONS = YES;
				CLANG_ANALYZER_NONNULL = YES;
				CLANG_ANALYZER_NUMBER_OBJECT_CONVERSION = YES_AGGRESSIVE;
				CLANG_CXX_LANGUAGE_STANDARD = "gnu++20";
				CLANG_ENABLE_MODULES = YES;
				CLANG_ENABLE_OBJC_ARC = YES;
				CLANG_ENABLE_OBJC_WEAK = YES;
				CLANG_WARN_BLOCK_CAPTURE_AUTORELEASING = YES;
				CLANG_WARN_BOOL_CONVERSION = YES;
				CLANG_WARN_COMMA = YES;
				CLANG_WARN_CONSTANT_CONVERSION = YES;
				CLANG_WARN_DEPRECATED_OBJC_IMPLEMENTATIONS = YES;
				CLANG_WARN_DIRECT_OBJC_ISA_USAGE = YES_ERROR;
				CLANG_WARN_DOCUMENTATION_COMMENTS = YES;
				CLANG_WARN_EMPTY_BODY = YES;
				CLANG_WARN_ENUM_CONVERSION = YES;
				CLANG_WARN_INFINITE_RECURSION = YES;
				CLANG_WARN_INT_CONVERSION = YES;
				CLANG_WARN_NON_LITERAL_NULL_CONVERSION = YES;
				CLANG_WARN_OBJC_IMPLICIT_RETAIN_SELF = YES;
				CLANG_WARN_OBJC_LITERAL_CONVERSION = YES;
				CLANG_WARN_OBJC_ROOT_CLASS = YES_ERROR;
				CLANG_WARN_QUOTED_INCLUDE_IN_FRAMEWORK_HEADER = YES;
				CLANG_WARN_RANGE_LOOP_ANALYSIS = YES;
				CLANG_WARN_STRICT_PROTOTYPES = YES;
				CLANG_WARN_SUSPICIOUS_MOVE = YES;
				CLANG_WARN_UNGUARDED_AVAILABILITY = YES_AGGRESSIVE;
				CLANG_WARN_UNREACHABLE_CODE = YES;
				CLANG_WARN__DUPLICATE_METHOD_MATCH = YES;
				COPY_PHASE_STRIP = NO;
				DEBUG_INFORMATION_FORMAT = dwarf;
				ENABLE_STRICT_OBJC_MSGSEND = YES;
				ENABLE_TESTABILITY = YES;
				ENABLE_USER_SCRIPT_SANDBOXING = YES;
				GCC_C_LANGUAGE_STANDARD = gnu17;
				GCC_DYNAMIC_NO_PIC = NO;
				GCC_NO_COMMON_BLOCKS = YES;
				GCC_OPTIMIZATION_LEVEL = 0;
				GCC_PREPROCESSOR_DEFINITIONS = (
					"DEBUG=1",
					"$(inherited)",
				);
				GCC_WARN_64_TO_32_BIT_CONVERSION = YES;
				GCC_WARN_ABOUT_RETURN_TYPE = YES_ERROR;
				GCC_WARN_UNDECLARED_SELECTOR = YES;
				GCC_WARN_UNINITIALIZED_AUTOS = YES_AGGRESSIVE;
				GCC_WARN_UNUSED_FUNCTION = YES;
				GCC_WARN_UNUSED_VARIABLE = YES;
				IPHONEOS_DEPLOYMENT_TARGET = 17.4;
				LOCALIZATION_PREFERS_STRING_CATALOGS = YES;
				MTL_ENABLE_DEBUG_INFO = INCLUDE_SOURCE;
				MTL_FAST_MATH = YES;
				ONLY_ACTIVE_ARCH = YES;
				SDKROOT = iphoneos;
				SWIFT_ACTIVE_COMPILATION_CONDITIONS = "DEBUG $(inherited)";
				SWIFT_OPTIMIZATION_LEVEL = "-Onone";
			};
			name = Debug;
		};
		84AC71EF2C07DB1800007B73 /* Release */ = {
			isa = XCBuildConfiguration;
			buildSettings = {
				ALWAYS_SEARCH_USER_PATHS = NO;
				ASSETCATALOG_COMPILER_GENERATE_SWIFT_ASSET_SYMBOL_EXTENSIONS = YES;
				CLANG_ANALYZER_NONNULL = YES;
				CLANG_ANALYZER_NUMBER_OBJECT_CONVERSION = YES_AGGRESSIVE;
				CLANG_CXX_LANGUAGE_STANDARD = "gnu++20";
				CLANG_ENABLE_MODULES = YES;
				CLANG_ENABLE_OBJC_ARC = YES;
				CLANG_ENABLE_OBJC_WEAK = YES;
				CLANG_WARN_BLOCK_CAPTURE_AUTORELEASING = YES;
				CLANG_WARN_BOOL_CONVERSION = YES;
				CLANG_WARN_COMMA = YES;
				CLANG_WARN_CONSTANT_CONVERSION = YES;
				CLANG_WARN_DEPRECATED_OBJC_IMPLEMENTATIONS = YES;
				CLANG_WARN_DIRECT_OBJC_ISA_USAGE = YES_ERROR;
				CLANG_WARN_DOCUMENTATION_COMMENTS = YES;
				CLANG_WARN_EMPTY_BODY = YES;
				CLANG_WARN_ENUM_CONVERSION = YES;
				CLANG_WARN_INFINITE_RECURSION = YES;
				CLANG_WARN_INT_CONVERSION = YES;
				CLANG_WARN_NON_LITERAL_NULL_CONVERSION = YES;
				CLANG_WARN_OBJC_IMPLICIT_RETAIN_SELF = YES;
				CLANG_WARN_OBJC_LITERAL_CONVERSION = YES;
				CLANG_WARN_OBJC_ROOT_CLASS = YES_ERROR;
				CLANG_WARN_QUOTED_INCLUDE_IN_FRAMEWORK_HEADER = YES;
				CLANG_WARN_RANGE_LOOP_ANALYSIS = YES;
				CLANG_WARN_STRICT_PROTOTYPES = YES;
				CLANG_WARN_SUSPICIOUS_MOVE = YES;
				CLANG_WARN_UNGUARDED_AVAILABILITY = YES_AGGRESSIVE;
				CLANG_WARN_UNREACHABLE_CODE = YES;
				CLANG_WARN__DUPLICATE_METHOD_MATCH = YES;
				COPY_PHASE_STRIP = NO;
				DEBUG_INFORMATION_FORMAT = "dwarf-with-dsym";
				ENABLE_NS_ASSERTIONS = NO;
				ENABLE_STRICT_OBJC_MSGSEND = YES;
				ENABLE_USER_SCRIPT_SANDBOXING = YES;
				GCC_C_LANGUAGE_STANDARD = gnu17;
				GCC_NO_COMMON_BLOCKS = YES;
				GCC_WARN_64_TO_32_BIT_CONVERSION = YES;
				GCC_WARN_ABOUT_RETURN_TYPE = YES_ERROR;
				GCC_WARN_UNDECLARED_SELECTOR = YES;
				GCC_WARN_UNINITIALIZED_AUTOS = YES_AGGRESSIVE;
				GCC_WARN_UNUSED_FUNCTION = YES;
				GCC_WARN_UNUSED_VARIABLE = YES;
				IPHONEOS_DEPLOYMENT_TARGET = 17.4;
				LOCALIZATION_PREFERS_STRING_CATALOGS = YES;
				MTL_ENABLE_DEBUG_INFO = NO;
				MTL_FAST_MATH = YES;
				SDKROOT = iphoneos;
				SWIFT_COMPILATION_MODE = wholemodule;
				VALIDATE_PRODUCT = YES;
			};
			name = Release;
		};
		84AC71F12C07DB1800007B73 /* Debug */ = {
			isa = XCBuildConfiguration;
			buildSettings = {
				ASSETCATALOG_COMPILER_APPICON_NAME = AppIcon;
				ASSETCATALOG_COMPILER_GLOBAL_ACCENT_COLOR_NAME = AccentColor;
				CODE_SIGN_STYLE = Automatic;
				CURRENT_PROJECT_VERSION = 1;
				DEVELOPMENT_ASSET_PATHS = "\"pruebauno/Preview Content\"";
				ENABLE_PREVIEWS = YES;
				GENERATE_INFOPLIST_FILE = YES;
				INFOPLIST_KEY_UIApplicationSceneManifest_Generation = YES;
				INFOPLIST_KEY_UIApplicationSupportsIndirectInputEvents = YES;
				INFOPLIST_KEY_UILaunchScreen_Generation = YES;
				INFOPLIST_KEY_UISupportedInterfaceOrientations_iPad = "UIInterfaceOrientationPortrait UIInterfaceOrientationPortraitUpsideDown UIInterfaceOrientationLandscapeLeft UIInterfaceOrientationLandscapeRight";
				INFOPLIST_KEY_UISupportedInterfaceOrientations_iPhone = "UIInterfaceOrientationPortrait UIInterfaceOrientationLandscapeLeft UIInterfaceOrientationLandscapeRight";
				LD_RUNPATH_SEARCH_PATHS = (
					"$(inherited)",
					"@executable_path/Frameworks",
				);
				MARKETING_VERSION = 1.0;
				PRODUCT_BUNDLE_IDENTIFIER = johngolgota.pruebauno;
				PRODUCT_NAME = "$(TARGET_NAME)";
				SWIFT_EMIT_LOC_STRINGS = YES;
				SWIFT_VERSION = 5.0;
				TARGETED_DEVICE_FAMILY = "1,2";
			};
			name = Debug;
		};
		84AC71F22C07DB1800007B73 /* Release */ = {
			isa = XCBuildConfiguration;
			buildSettings = {
				ASSETCATALOG_COMPILER_APPICON_NAME = AppIcon;
				ASSETCATALOG_COMPILER_GLOBAL_ACCENT_COLOR_NAME = AccentColor;
				CODE_SIGN_STYLE = Automatic;
				CURRENT_PROJECT_VERSION = 1;
				DEVELOPMENT_ASSET_PATHS = "\"pruebauno/Preview Content\"";
				ENABLE_PREVIEWS = YES;
				GENERATE_INFOPLIST_FILE = YES;
				INFOPLIST_KEY_UIApplicationSceneManifest_Generation = YES;
				INFOPLIST_KEY_UIApplicationSupportsIndirectInputEvents = YES;
				INFOPLIST_KEY_UILaunchScreen_Generation = YES;
				INFOPLIST_KEY_UISupportedInterfaceOrientations_iPad = "UIInterfaceOrientationPortrait UIInterfaceOrientationPortraitUpsideDown UIInterfaceOrientationLandscapeLeft UIInterfaceOrientationLandscapeRight";
				INFOPLIST_KEY_UISupportedInterfaceOrientations_iPhone = "UIInterfaceOrientationPortrait UIInterfaceOrientationLandscapeLeft UIInterfaceOrientationLandscapeRight";
				LD_RUNPATH_SEARCH_PATHS = (
					"$(inherited)",
					"@executable_path/Frameworks",
				);
				MARKETING_VERSION = 1.0;
				PRODUCT_BUNDLE_IDENTIFIER = johngolgota.pruebauno;
				PRODUCT_NAME = "$(TARGET_NAME)";
				SWIFT_EMIT_LOC_STRINGS = YES;
				SWIFT_VERSION = 5.0;
				TARGETED_DEVICE_FAMILY = "1,2";
			};
			name = Release;
		};
		84AC71F42C07DB1800007B73 /* Debug */ = {
			isa = XCBuildConfiguration;
			buildSettings = {
				ALWAYS_EMBED_SWIFT_STANDARD_LIBRARIES = YES;
				BUNDLE_LOADER = "$(TEST_HOST)";
				CODE_SIGN_STYLE = Automatic;
				CURRENT_PROJECT_VERSION = 1;
				GENERATE_INFOPLIST_FILE = YES;
				IPHONEOS_DEPLOYMENT_TARGET = 17.4;
				MARKETING_VERSION = 1.0;
				PRODUCT_BUNDLE_IDENTIFIER = johngolgota.pruebaunoTests;
				PRODUCT_NAME = "$(TARGET_NAME)";
				SWIFT_EMIT_LOC_STRINGS = NO;
				SWIFT_VERSION = 5.0;
				TARGETED_DEVICE_FAMILY = "1,2";
				TEST_HOST = "$(BUILT_PRODUCTS_DIR)/pruebauno.app/$(BUNDLE_EXECUTABLE_FOLDER_PATH)/pruebauno";
			};
			name = Debug;
		};
		84AC71F52C07DB1800007B73 /* Release */ = {
			isa = XCBuildConfiguration;
			buildSettings = {
				ALWAYS_EMBED_SWIFT_STANDARD_LIBRARIES = YES;
				BUNDLE_LOADER = "$(TEST_HOST)";
				CODE_SIGN_STYLE = Automatic;
				CURRENT_PROJECT_VERSION = 1;
				GENERATE_INFOPLIST_FILE = YES;
				IPHONEOS_DEPLOYMENT_TARGET = 17.4;
				MARKETING_VERSION = 1.0;
				PRODUCT_BUNDLE_IDENTIFIER = johngolgota.pruebaunoTests;
				PRODUCT_NAME = "$(TARGET_NAME)";
				SWIFT_EMIT_LOC_STRINGS = NO;
				SWIFT_VERSION = 5.0;
				TARGETED_DEVICE_FAMILY = "1,2";
				TEST_HOST = "$(BUILT_PRODUCTS_DIR)/pruebauno.app/$(BUNDLE_EXECUTABLE_FOLDER_PATH)/pruebauno";
			};
			name = Release;
		};
		84AC71F72C07DB1800007B73 /* Debug */ = {
			isa = XCBuildConfiguration;
			buildSettings = {
				ALWAYS_EMBED_SWIFT_STANDARD_LIBRARIES = YES;
				CODE_SIGN_STYLE = Automatic;
				CURRENT_PROJECT_VERSION = 1;
				GENERATE_INFOPLIST_FILE = YES;
				MARKETING_VERSION = 1.0;
				PRODUCT_BUNDLE_IDENTIFIER = johngolgota.pruebaunoUITests;
				PRODUCT_NAME = "$(TARGET_NAME)";
				SWIFT_EMIT_LOC_STRINGS = NO;
				SWIFT_VERSION = 5.0;
				TARGETED_DEVICE_FAMILY = "1,2";
				TEST_TARGET_NAME = pruebauno;
			};
			name = Debug;
		};
		84AC71F82C07DB1800007B73 /* Release */ = {
			isa = XCBuildConfiguration;
			buildSettings = {
				ALWAYS_EMBED_SWIFT_STANDARD_LIBRARIES = YES;
				CODE_SIGN_STYLE = Automatic;
				CURRENT_PROJECT_VERSION = 1;
				GENERATE_INFOPLIST_FILE = YES;
				MARKETING_VERSION = 1.0;
				PRODUCT_BUNDLE_IDENTIFIER = johngolgota.pruebaunoUITests;
				PRODUCT_NAME = "$(TARGET_NAME)";
				SWIFT_EMIT_LOC_STRINGS = NO;
				SWIFT_VERSION = 5.0;
				TARGETED_DEVICE_FAMILY = "1,2";
				TEST_TARGET_NAME = pruebauno;
			};
			name = Release;
		};
/* End XCBuildConfiguration section */

/* Begin XCConfigurationList section */
		84AC71C72C07DB1400007B73 /* Build configuration list for PBXProject "pruebauno" */ = {
			isa = XCConfigurationList;
			buildConfigurations = (
				84AC71EE2C07DB1800007B73 /* Debug */,
				84AC71EF2C07DB1800007B73 /* Release */,
			);
			defaultConfigurationIsVisible = 0;
			defaultConfigurationName = Release;
		};
		84AC71F02C07DB1800007B73 /* Build configuration list for PBXNativeTarget "pruebauno" */ = {
			isa = XCConfigurationList;
			buildConfigurations = (
				84AC71F12C07DB1800007B73 /* Debug */,
				84AC71F22C07DB1800007B73 /* Release */,
			);
			defaultConfigurationIsVisible = 0;
			defaultConfigurationName = Release;
		};
		84AC71F32C07DB1800007B73 /* Build configuration list for PBXNativeTarget "pruebaunoTests" */ = {
			isa = XCConfigurationList;
			buildConfigurations = (
				84AC71F42C07DB1800007B73 /* Debug */,
				84AC71F52C07DB1800007B73 /* Release */,
			);
			defaultConfigurationIsVisible = 0;
			defaultConfigurationName = Release;
		};
		84AC71F62C07DB1800007B73 /* Build configuration list for PBXNativeTarget "pruebaunoUITests" */ = {
			isa = XCConfigurationList;
			buildConfigurations = (
				84AC71F72C07DB1800007B73 /* Debug */,
				84AC71F82C07DB1800007B73 /* Release */,
			);
			defaultConfigurationIsVisible = 0;
			defaultConfigurationName = Release;
		};
/* End XCConfigurationList section */
	};
	rootObject = 84AC71C42C07DB1400007B73 /* Project object */;
}
